# This file is generated by running "yarn install" inside your project.
# Manual changes might be lost - proceed with caution!

__metadata:
  version: 5
  cacheKey: 8

"@babel/runtime@npm:^7.15.4, @babel/runtime@npm:^7.9.2":
  version: 7.17.2
  resolution: "@babel/runtime@npm:7.17.2"
  dependencies:
    regenerator-runtime: ^0.13.4
  checksum: a48702d271ecc59c09c397856407afa29ff980ab537b3da58eeee1aeaa0f545402d340a1680c9af58aec94dfdcbccfb6abb211991b74686a86d03d3f6956cacd
  languageName: node
  linkType: hard

"@reduxjs/toolkit@npm:^1.7.2":
  version: 1.7.2
  resolution: "@reduxjs/toolkit@npm:1.7.2"
  dependencies:
    immer: ^9.0.7
    redux: ^4.1.2
    redux-thunk: ^2.4.1
    reselect: ^4.1.5
  peerDependencies:
    react: ^16.9.0 || ^17.0.0 || 18.0.0-beta
    react-redux: ^7.2.1 || ^8.0.0-beta
  peerDependenciesMeta:
    react:
      optional: true
    react-redux:
      optional: true
  checksum: 41c17c660f7c95d776658b9a101f9803c37589b2c08861e90283abe5fab70f99c37af064fae0c5b7501f67308946fa072504f6a801e272f157b9f7427a5e571e
  languageName: node
  linkType: hard

"@types/hoist-non-react-statics@npm:^3.3.0":
  version: 3.3.1
  resolution: "@types/hoist-non-react-statics@npm:3.3.1"
  dependencies:
    "@types/react": "*"
    hoist-non-react-statics: ^3.3.0
  checksum: 2c0778570d9a01d05afabc781b32163f28409bb98f7245c38d5eaf082416fdb73034003f5825eb5e21313044e8d2d9e1f3fe2831e345d3d1b1d20bcd12270719
  languageName: node
  linkType: hard

"@types/prop-types@npm:*":
  version: 15.7.4
  resolution: "@types/prop-types@npm:15.7.4"
  checksum: ef6e1899e59b876c273811b1bd845022fc66d5a3d11cb38a25b6c566b30514ae38fe20a40f67622f362a4f4f7f9224e22d8da101cff3d6e97e11d7b4c307cfc1
  languageName: node
  linkType: hard

"@types/react-redux@npm:^7.1.20":
  version: 7.1.22
  resolution: "@types/react-redux@npm:7.1.22"
  dependencies:
    "@types/hoist-non-react-statics": ^3.3.0
    "@types/react": "*"
    hoist-non-react-statics: ^3.3.0
    redux: ^4.0.0
  checksum: eef458c0cda27eabd8d458b7fc40553aab8d2f218145b896b9059b86d88680ae479079aee13683f2a0f35774f20346b732e91182252402bd8777455e004561c9
  languageName: node
  linkType: hard

"@types/react@npm:*":
  version: 17.0.39
  resolution: "@types/react@npm:17.0.39"
  dependencies:
    "@types/prop-types": "*"
    "@types/scheduler": "*"
    csstype: ^3.0.2
  checksum: bf04d3c2894559012710d595553e12b422d3b91cd8f4f7e122d8cb044ba9c2ba17f6e8a4e09581359cc5509ddc59cd8c8fabd6774f3505a40a45393f074d6e6e
  languageName: node
  linkType: hard

"@types/scheduler@npm:*":
  version: 0.16.2
  resolution: "@types/scheduler@npm:0.16.2"
  checksum: b6b4dcfeae6deba2e06a70941860fb1435730576d3689225a421280b7742318d1548b3d22c1f66ab68e414f346a9542f29240bc955b6332c5b11e561077583bc
  languageName: node
  linkType: hard

"csstype@npm:^3.0.2":
  version: 3.0.10
  resolution: "csstype@npm:3.0.10"
  checksum: 20a8fa324f2b33ddf94aa7507d1b6ab3daa6f3cc308888dc50126585d7952f2471de69b2dbe0635d1fdc31223fef8e070842691877e725caf456e2378685a631
  languageName: node
  linkType: hard

"data-uri-to-buffer@npm:^4.0.0":
  version: 4.0.0
  resolution: "data-uri-to-buffer@npm:4.0.0"
  checksum: a010653869abe8bb51259432894ac62c52bf79ad761d418d94396f48c346f2ae739c46b254e8bb5987bded8a653d467db1968db3a69bab1d33aa5567baa5cfc7
  languageName: node
  linkType: hard

"fetch-blob@npm:^3.1.2, fetch-blob@npm:^3.1.4":
  version: 3.1.4
  resolution: "fetch-blob@npm:3.1.4"
  dependencies:
    node-domexception: ^1.0.0
    web-streams-polyfill: ^3.0.3
  checksum: 81b074f38a2dbfd546dd58e482cefe14e605abd609e272804bf089d588d84f39e3e95b35640bfb376f71d5038c123d4d41be49d9cdf87e5ec8939d37738df0b6
  languageName: node
  linkType: hard

"formdata-polyfill@npm:^4.0.10":
  version: 4.0.10
  resolution: "formdata-polyfill@npm:4.0.10"
  dependencies:
    fetch-blob: ^3.1.2
  checksum: 82a34df292afadd82b43d4a740ce387bc08541e0a534358425193017bf9fb3567875dc5f69564984b1da979979b70703aa73dee715a17b6c229752ae736dd9db
  languageName: node
  linkType: hard

"hoist-non-react-statics@npm:^3.3.0, hoist-non-react-statics@npm:^3.3.2":
  version: 3.3.2
  resolution: "hoist-non-react-statics@npm:3.3.2"
  dependencies:
    react-is: ^16.7.0
  checksum: b1538270429b13901ee586aa44f4cc3ecd8831c061d06cb8322e50ea17b3f5ce4d0e2e66394761e6c8e152cd8c34fb3b4b690116c6ce2bd45b18c746516cb9e8
  languageName: node
  linkType: hard

"immer@npm:^9.0.7":
  version: 9.0.12
  resolution: "immer@npm:9.0.12"
  checksum: bcbec6d76dac65e49068eb67ece4d407116e62b8cde3126aa89c801e408f5047763ba0aeb62f1938c1aa704bb6612f1d8302bb2a86fa1fc60fcc12d8b25dc895
  languageName: node
  linkType: hard

"js-tokens@npm:^3.0.0 || ^4.0.0":
  version: 4.0.0
  resolution: "js-tokens@npm:4.0.0"
  checksum: 8a95213a5a77deb6cbe94d86340e8d9ace2b93bc367790b260101d2f36a2eaf4e4e22d9fa9cf459b38af3a32fb4190e638024cf82ec95ef708680e405ea7cc78
  languageName: node
  linkType: hard

"loose-envify@npm:^1.1.0, loose-envify@npm:^1.4.0":
  version: 1.4.0
  resolution: "loose-envify@npm:1.4.0"
  dependencies:
    js-tokens: ^3.0.0 || ^4.0.0
  bin:
    loose-envify: cli.js
  checksum: 6517e24e0cad87ec9888f500c5b5947032cdfe6ef65e1c1936a0c48a524b81e65542c9c3edc91c97d5bddc806ee2a985dbc79be89215d613b1de5db6d1cfe6f4
  languageName: node
  linkType: hard

"node-domexception@npm:^1.0.0":
  version: 1.0.0
  resolution: "node-domexception@npm:1.0.0"
  checksum: ee1d37dd2a4eb26a8a92cd6b64dfc29caec72bff5e1ed9aba80c294f57a31ba4895a60fd48347cf17dd6e766da0ae87d75657dfd1f384ebfa60462c2283f5c7f
  languageName: node
  linkType: hard

"node-fetch@npm:^3.2.0":
  version: 3.2.0
  resolution: "node-fetch@npm:3.2.0"
  dependencies:
    data-uri-to-buffer: ^4.0.0
    fetch-blob: ^3.1.4
    formdata-polyfill: ^4.0.10
  checksum: 1c809a0f64dd11cc18b49f990440e22c471da47da2a6d6b3388a83beba9d23ba7eaca1b9bf706a792bd283b824cf1a76777910859b9c28ad33a59f2ae4e44f8e
  languageName: node
  linkType: hard

"object-assign@npm:^4.1.1":
  version: 4.1.1
  resolution: "object-assign@npm:4.1.1"
  checksum: fcc6e4ea8c7fe48abfbb552578b1c53e0d194086e2e6bbbf59e0a536381a292f39943c6e9628af05b5528aa5e3318bb30d6b2e53cadaf5b8fe9e12c4b69af23f
  languageName: node
  linkType: hard

"prop-types@npm:^15.7.2":
  version: 15.8.1
  resolution: "prop-types@npm:15.8.1"
  dependencies:
    loose-envify: ^1.4.0
    object-assign: ^4.1.1
    react-is: ^16.13.1
  checksum: c056d3f1c057cb7ff8344c645450e14f088a915d078dcda795041765047fa080d38e5d626560ccaac94a4e16e3aa15f3557c1a9a8d1174530955e992c675e459
  languageName: node
  linkType: hard

"react-dom@npm:^17.0.2":
  version: 17.0.2
  resolution: "react-dom@npm:17.0.2"
  dependencies:
    loose-envify: ^1.1.0
    object-assign: ^4.1.1
    scheduler: ^0.20.2
  peerDependencies:
    react: 17.0.2
  checksum: 1c1eaa3bca7c7228d24b70932e3d7c99e70d1d04e13bb0843bbf321582bc25d7961d6b8a6978a58a598af2af496d1cedcfb1bf65f6b0960a0a8161cb8dab743c
  languageName: node
  linkType: hard

"react-is@npm:^16.13.1, react-is@npm:^16.7.0":
  version: 16.13.1
  resolution: "react-is@npm:16.13.1"
  checksum: f7a19ac3496de32ca9ae12aa030f00f14a3d45374f1ceca0af707c831b2a6098ef0d6bdae51bd437b0a306d7f01d4677fcc8de7c0d331eb47ad0f46130e53c5f
  languageName: node
  linkType: hard

"react-is@npm:^17.0.2":
  version: 17.0.2
  resolution: "react-is@npm:17.0.2"
  checksum: 9d6d111d8990dc98bc5402c1266a808b0459b5d54830bbea24c12d908b536df7883f268a7868cfaedde3dd9d4e0d574db456f84d2e6df9c4526f99bb4b5344d8
  languageName: node
  linkType: hard

"react-redux@npm:^7.2.6":
  version: 7.2.6
  resolution: "react-redux@npm:7.2.6"
  dependencies:
    "@babel/runtime": ^7.15.4
    "@types/react-redux": ^7.1.20
    hoist-non-react-statics: ^3.3.2
    loose-envify: ^1.4.0
    prop-types: ^15.7.2
    react-is: ^17.0.2
  peerDependencies:
    react: ^16.8.3 || ^17
  peerDependenciesMeta:
    react-dom:
      optional: true
    react-native:
      optional: true
  checksum: 0bf142ce0d0b80aef955650fd5e9489fca32d94f19ee23893b332f1b01ceee7bd3623337c942cbda642667d1dc9de5ac869c3c1946afa6cf2046407b57d24741
  languageName: node
  linkType: hard

"react@npm:^17.0.2":
  version: 17.0.2
  resolution: "react@npm:17.0.2"
  dependencies:
    loose-envify: ^1.1.0
    object-assign: ^4.1.1
  checksum: b254cc17ce3011788330f7bbf383ab653c6848902d7936a87b09d835d091e3f295f7e9dd1597c6daac5dc80f90e778c8230218ba8ad599f74adcc11e33b9d61b
  languageName: node
  linkType: hard

"redux-thunk@npm:^2.4.1":
  version: 2.4.1
  resolution: "redux-thunk@npm:2.4.1"
  peerDependencies:
    redux: ^4
  checksum: af5abb425fb9dccda02e5f387d6f3003997f62d906542a3d35fc9420088f550dc1a018bdc246c7d23ee852b4d4ab8b5c64c5be426e45a328d791c4586a3c6b6e
  languageName: node
  linkType: hard

"redux@npm:^4.0.0, redux@npm:^4.1.2":
  version: 4.1.2
  resolution: "redux@npm:4.1.2"
  dependencies:
    "@babel/runtime": ^7.9.2
  checksum: 6a839cee5bd580c5298d968e9e2302150e961318253819bcd97f9d945a5a409559eacddf6026f4118bb68b681c593d90e8a2c5bbf278f014aff9bf0d2d8fa084
  languageName: node
  linkType: hard

"regenerator-runtime@npm:^0.13.4":
  version: 0.13.9
  resolution: "regenerator-runtime@npm:0.13.9"
  checksum: 65ed455fe5afd799e2897baf691ca21c2772e1a969d19bb0c4695757c2d96249eb74ee3553ea34a91062b2a676beedf630b4c1551cc6299afb937be1426ec55e
  languageName: node
  linkType: hard

"reselect@npm:^4.1.5":
  version: 4.1.5
  resolution: "reselect@npm:4.1.5"
  checksum: 54c13c1e795b2ea70cba8384138aebe78adda00cbea303cc94b64da0a70d74c896cc9a03115ae38b8bff990e7a60dcd6452ab68cbec01b0b38c1afda70714cf0
  languageName: node
  linkType: hard

"sanicjs@workspace:.":
  version: 0.0.0-use.local
  resolution: "sanicjs@workspace:."
  dependencies:
    "@reduxjs/toolkit": ^1.7.2
    node-fetch: ^3.2.0
    react: ^17.0.2
    react-dom: ^17.0.2
    react-redux: ^7.2.6
  languageName: unknown
  linkType: soft

"scheduler@npm:^0.20.2":
  version: 0.20.2
  resolution: "scheduler@npm:0.20.2"
  dependencies:
    loose-envify: ^1.1.0
    object-assign: ^4.1.1
  checksum: c4b35cf967c8f0d3e65753252d0f260271f81a81e427241295c5a7b783abf4ea9e905f22f815ab66676f5313be0a25f47be582254db8f9241b259213e999b8fc
  languageName: node
  linkType: hard

"web-streams-polyfill@npm:^3.0.3":
  version: 3.2.0
  resolution: "web-streams-polyfill@npm:3.2.0"
  checksum: e23ad0649392fa0159dbfc6bb27474c308c3f332d9078cfef3c06c154165bef18732c5814126147c6c712f604216ddc950c171c854e3821f020e0d2d721a5958
  languageName: node
  linkType: hard
